
Microsoft Visual Studio Solution File, Format Version 12.00
# Visual Studio Version 17
VisualStudioVersion = 17.0.31903.59
MinimumVisualStudioVersion = 10.0.40219.1
Project("{FAE04EC0-301F-11D3-BF4B-00C04F79EFBC}") = "AUnit.Core", "src\AUnit.Core\AUnit.Core.csproj", "{2466DA72-3951-4727-A56A-D870DE747C7E}"
EndProject
Project("{FAE04EC0-301F-11D3-BF4B-00C04F79EFBC}") = "AUnit.Adapter", "src\AUnit.Adapter\AUnit.Adapter.csproj", "{156F4AE5-5E14-4EBA-B0E9-A517AB0FABC9}"
EndProject
Project("{FAE04EC0-301F-11D3-BF4B-00C04F79EFBC}") = "AUnit", "src\AUnit\AUnit.csproj", "{F530E01D-DFE7-452A-BB73-31418603248B}"
EndProject
Global
	GlobalSection(SolutionConfigurationPlatforms) = preSolution
		Debug|Any CPU = Debug|Any CPU
		Release|Any CPU = Release|Any CPU
	EndGlobalSection
	GlobalSection(ProjectConfigurationPlatforms) = postSolution
		{2466DA72-3951-4727-A56A-D870DE747C7E}.Debug|Any CPU.ActiveCfg = Debug|Any CPU
		{2466DA72-3951-4727-A56A-D870DE747C7E}.Debug|Any CPU.Build.0 = Debug|Any CPU
		{2466DA72-3951-4727-A56A-D870DE747C7E}.Release|Any CPU.ActiveCfg = Release|Any CPU
		{2466DA72-3951-4727-A56A-D870DE747C7E}.Release|Any CPU.Build.0 = Release|Any CPU
		{156F4AE5-5E14-4EBA-B0E9-A517AB0FABC9}.Debug|Any CPU.ActiveCfg = Debug|Any CPU
		{156F4AE5-5E14-4EBA-B0E9-A517AB0FABC9}.Debug|Any CPU.Build.0 = Debug|Any CPU
		{156F4AE5-5E14-4EBA-B0E9-A517AB0FABC9}.Release|Any CPU.ActiveCfg = Release|Any CPU
		{156F4AE5-5E14-4EBA-B0E9-A517AB0FABC9}.Release|Any CPU.Build.0 = Release|Any CPU
		{F530E01D-DFE7-452A-BB73-31418603248B}.Debug|Any CPU.ActiveCfg = Debug|Any CPU
		{F530E01D-DFE7-452A-BB73-31418603248B}.Debug|Any CPU.Build.0 = Debug|Any CPU
		{F530E01D-DFE7-452A-BB73-31418603248B}.Release|Any CPU.ActiveCfg = Release|Any CPU
		{F530E01D-DFE7-452A-BB73-31418603248B}.Release|Any CPU.Build.0 = Release|Any CPU
	EndGlobalSection
	GlobalSection(SolutionProperties) = preSolution
		HideSolutionNode = FALSE
	EndGlobalSection
	GlobalSection(NestedProjects) = preSolution
		{F530E01D-DFE7-452A-BB73-31418603248B} = {FB1D973A-FD19-4AE7-9244-326654445B1D}
	EndGlobalSection
EndGlobal
